
Microsoft Visual Studio Solution File, Format Version 12.00
# Visual Studio Version 17
VisualStudioVersion = 17.4.33110.190
MinimumVisualStudioVersion = 10.0.40219.1
Project("{FAE04EC0-301F-11D3-BF4B-00C04F79EFBC}") = "WebApiCoreLecture", "WebApiCoreLecture\WebApiCoreLecture.csproj", "{4C3100CC-EF7B-4D39-9E05-6B08C5C21BAD}"
EndProject
Global
	GlobalSection(SolutionConfigurationPlatforms) = preSolution
		Debug|Any CPU = Debug|Any CPU
		Release|Any CPU = Release|Any CPU
	EndGlobalSection
	GlobalSection(ProjectConfigurationPlatforms) = postSolution
		{4C3100CC-EF7B-4D39-9E05-6B08C5C21BAD}.Debug|Any CPU.ActiveCfg = Debug|Any CPU
		{4C3100CC-EF7B-4D39-9E05-6B08C5C21BAD}.Debug|Any CPU.Build.0 = Debug|Any CPU
		{4C3100CC-EF7B-4D39-9E05-6B08C5C21BAD}.Release|Any CPU.ActiveCfg = Release|Any CPU
		{4C3100CC-EF7B-4D39-9E05-6B08C5C21BAD}.Release|Any CPU.Build.0 = Release|Any CPU
	EndGlobalSection
	GlobalSection(SolutionProperties) = preSolution
		HideSolutionNode = FALSE
	EndGlobalSection
	GlobalSection(ExtensibilityGlobals) = postSolution
		SolutionGuid = {4FB1331F-B661-41C6-A578-CDE830E5877B}
	EndGlobalSection
EndGlobal
